
Microsoft Visual Studio Solution File, Format Version 12.00
# Visual Studio Version 16
VisualStudioVersion = 16.0.29709.97
MinimumVisualStudioVersion = 10.0.40219.1
Project("{FAE04EC0-301F-11D3-BF4B-00C04F79EFBC}") = "practika-01-02-2", "practika-01-02-2.csproj", "{771399C7-A249-420D-84B9-2D3532195AB3}"
EndProject
Global
	GlobalSection(SolutionConfigurationPlatforms) = preSolution
		Debug|Any CPU = Debug|Any CPU
		Release|Any CPU = Release|Any CPU
	EndGlobalSection
	GlobalSection(ProjectConfigurationPlatforms) = postSolution
		{771399C7-A249-420D-84B9-2D3532195AB3}.Debug|Any CPU.ActiveCfg = Debug|Any CPU
		{771399C7-A249-420D-84B9-2D3532195AB3}.Debug|Any CPU.Build.0 = Debug|Any CPU
		{771399C7-A249-420D-84B9-2D3532195AB3}.Release|Any CPU.ActiveCfg = Release|Any CPU
		{771399C7-A249-420D-84B9-2D3532195AB3}.Release|Any CPU.Build.0 = Release|Any CPU
	EndGlobalSection
	GlobalSection(SolutionProperties) = preSolution
		HideSolutionNode = FALSE
	EndGlobalSection
	GlobalSection(ExtensibilityGlobals) = postSolution
		SolutionGuid = {C10768E0-AA02-437F-8F10-CCB9B479624D}
	EndGlobalSection
EndGlobal
